
Microsoft Visual Studio Solution File, Format Version 12.00
# Visual Studio Version 17
VisualStudioVersion = 17.9.34607.119
MinimumVisualStudioVersion = 10.0.40219.1
Project("{9A19103F-16F7-4668-BE54-9A1E7A4F7556}") = "FrontendMentor.Assets", "FrontendMentor.Assets\FrontendMentor.Assets.csproj", "{BD7D623E-FBD6-4066-BF9B-65076980C992}"
EndProject
Project("{9A19103F-16F7-4668-BE54-9A1E7A4F7556}") = "FrontendMentor.Core", "FrontendMentor.Core\FrontendMentor.Core.csproj", "{2F771E07-7EC7-4CFB-891D-14E132A352DF}"
EndProject
Project("{2150E333-8FDC-42A3-9474-1A3956D46DE8}") = "Apps", "Apps", "{5EAFD35D-2691-45AF-AA3A-227BE86402B8}"
EndProject
Project("{9A19103F-16F7-4668-BE54-9A1E7A4F7556}") = "FrontendMentor.ThreeColumnPreviewCardComponent", "Apps\FrontendMentor.ThreeColumnPreviewCardComponent\FrontendMentor.ThreeColumnPreviewCardComponent.csproj", "{3B7C6213-EAE2-4172-B9F2-E60814275CD3}"
EndProject
Project("{9A19103F-16F7-4668-BE54-9A1E7A4F7556}") = "FrontendMentor.BlogPreviewCard", "Apps\FrontendMentor.BlogPreviewCard\FrontendMentor.BlogPreviewCard.csproj", "{9E400F13-5F10-41D6-AA85-D6063EAEE1E4}"
EndProject
Project("{9A19103F-16F7-4668-BE54-9A1E7A4F7556}") = "FrontendMentor.QrCodeComponent", "Apps\FrontendMentor.QrCodeComponent\FrontendMentor.QrCodeComponent.csproj", "{EDF7123E-9B96-4A30-A35E-DD1AFF0A59F7}"
EndProject
Project("{9A19103F-16F7-4668-BE54-9A1E7A4F7556}") = "FrontendMentor.ResultsSummaryComponent", "Apps\FrontendMentor.ResultsSummaryComponent\FrontendMentor.ResultsSummaryComponent.csproj", "{45DBE837-95A4-4B04-8FE9-79B86477843F}"
EndProject
Project("{9A19103F-16F7-4668-BE54-9A1E7A4F7556}") = "FrontendMentor.SocialLinksProfile", "Apps\FrontendMentor.SocialLinksProfile\FrontendMentor.SocialLinksProfile.csproj", "{70F6A685-08AB-49CD-8009-F739B8379FDB}"
EndProject
Project("{FAE04EC0-301F-11D3-BF4B-00C04F79EFBC}") = "FrontendMentor.MortgageRepaymentCalculator", "Apps\FrontendMentor.MortgageRepaymentCalculator\FrontendMentor.MortgageRepaymentCalculator.csproj", "{2BB54DD9-3B5E-409D-9861-C33BFD7805BA}"
EndProject
Global
	GlobalSection(SolutionConfigurationPlatforms) = preSolution
		Debug|Any CPU = Debug|Any CPU
		Release|Any CPU = Release|Any CPU
	EndGlobalSection
	GlobalSection(ProjectConfigurationPlatforms) = postSolution
		{BD7D623E-FBD6-4066-BF9B-65076980C992}.Debug|Any CPU.ActiveCfg = Debug|Any CPU
		{BD7D623E-FBD6-4066-BF9B-65076980C992}.Debug|Any CPU.Build.0 = Debug|Any CPU
		{BD7D623E-FBD6-4066-BF9B-65076980C992}.Release|Any CPU.ActiveCfg = Release|Any CPU
		{BD7D623E-FBD6-4066-BF9B-65076980C992}.Release|Any CPU.Build.0 = Release|Any CPU
		{2F771E07-7EC7-4CFB-891D-14E132A352DF}.Debug|Any CPU.ActiveCfg = Debug|Any CPU
		{2F771E07-7EC7-4CFB-891D-14E132A352DF}.Debug|Any CPU.Build.0 = Debug|Any CPU
		{2F771E07-7EC7-4CFB-891D-14E132A352DF}.Release|Any CPU.ActiveCfg = Release|Any CPU
		{2F771E07-7EC7-4CFB-891D-14E132A352DF}.Release|Any CPU.Build.0 = Release|Any CPU
		{3B7C6213-EAE2-4172-B9F2-E60814275CD3}.Debug|Any CPU.ActiveCfg = Debug|Any CPU
		{3B7C6213-EAE2-4172-B9F2-E60814275CD3}.Debug|Any CPU.Build.0 = Debug|Any CPU
		{3B7C6213-EAE2-4172-B9F2-E60814275CD3}.Release|Any CPU.ActiveCfg = Release|Any CPU
		{3B7C6213-EAE2-4172-B9F2-E60814275CD3}.Release|Any CPU.Build.0 = Release|Any CPU
		{9E400F13-5F10-41D6-AA85-D6063EAEE1E4}.Debug|Any CPU.ActiveCfg = Debug|Any CPU
		{9E400F13-5F10-41D6-AA85-D6063EAEE1E4}.Debug|Any CPU.Build.0 = Debug|Any CPU
		{9E400F13-5F10-41D6-AA85-D6063EAEE1E4}.Release|Any CPU.ActiveCfg = Release|Any CPU
		{9E400F13-5F10-41D6-AA85-D6063EAEE1E4}.Release|Any CPU.Build.0 = Release|Any CPU
		{EDF7123E-9B96-4A30-A35E-DD1AFF0A59F7}.Debug|Any CPU.ActiveCfg = Debug|Any CPU
		{EDF7123E-9B96-4A30-A35E-DD1AFF0A59F7}.Debug|Any CPU.Build.0 = Debug|Any CPU
		{EDF7123E-9B96-4A30-A35E-DD1AFF0A59F7}.Release|Any CPU.ActiveCfg = Release|Any CPU
		{EDF7123E-9B96-4A30-A35E-DD1AFF0A59F7}.Release|Any CPU.Build.0 = Release|Any CPU
		{45DBE837-95A4-4B04-8FE9-79B86477843F}.Debug|Any CPU.ActiveCfg = Debug|Any CPU
		{45DBE837-95A4-4B04-8FE9-79B86477843F}.Debug|Any CPU.Build.0 = Debug|Any CPU
		{45DBE837-95A4-4B04-8FE9-79B86477843F}.Release|Any CPU.ActiveCfg = Release|Any CPU
		{45DBE837-95A4-4B04-8FE9-79B86477843F}.Release|Any CPU.Build.0 = Release|Any CPU
		{70F6A685-08AB-49CD-8009-F739B8379FDB}.Debug|Any CPU.ActiveCfg = Debug|Any CPU
		{70F6A685-08AB-49CD-8009-F739B8379FDB}.Debug|Any CPU.Build.0 = Debug|Any CPU
		{70F6A685-08AB-49CD-8009-F739B8379FDB}.Release|Any CPU.ActiveCfg = Release|Any CPU
		{70F6A685-08AB-49CD-8009-F739B8379FDB}.Release|Any CPU.Build.0 = Release|Any CPU
		{2BB54DD9-3B5E-409D-9861-C33BFD7805BA}.Debug|Any CPU.ActiveCfg = Debug|Any CPU
		{2BB54DD9-3B5E-409D-9861-C33BFD7805BA}.Debug|Any CPU.Build.0 = Debug|Any CPU
		{2BB54DD9-3B5E-409D-9861-C33BFD7805BA}.Release|Any CPU.ActiveCfg = Release|Any CPU
		{2BB54DD9-3B5E-409D-9861-C33BFD7805BA}.Release|Any CPU.Build.0 = Release|Any CPU
	EndGlobalSection
	GlobalSection(SolutionProperties) = preSolution
		HideSolutionNode = FALSE
	EndGlobalSection
	GlobalSection(NestedProjects) = preSolution
		{3B7C6213-EAE2-4172-B9F2-E60814275CD3} = {5EAFD35D-2691-45AF-AA3A-227BE86402B8}
		{9E400F13-5F10-41D6-AA85-D6063EAEE1E4} = {5EAFD35D-2691-45AF-AA3A-227BE86402B8}
		{EDF7123E-9B96-4A30-A35E-DD1AFF0A59F7} = {5EAFD35D-2691-45AF-AA3A-227BE86402B8}
		{45DBE837-95A4-4B04-8FE9-79B86477843F} = {5EAFD35D-2691-45AF-AA3A-227BE86402B8}
		{70F6A685-08AB-49CD-8009-F739B8379FDB} = {5EAFD35D-2691-45AF-AA3A-227BE86402B8}
		{2BB54DD9-3B5E-409D-9861-C33BFD7805BA} = {5EAFD35D-2691-45AF-AA3A-227BE86402B8}
	EndGlobalSection
	GlobalSection(ExtensibilityGlobals) = postSolution
		SolutionGuid = {595C463F-8E9C-40B9-B872-0B34D6E89BBA}
	EndGlobalSection
EndGlobal
